
Microsoft Visual Studio Solution File, Format Version 12.00
# Visual Studio 15
VisualStudioVersion = 15.0.28307.102
MinimumVisualStudioVersion = 10.0.40219.1
Project("{9A19103F-16F7-4668-BE54-9A1E7A4F7556}") = "Grains", "src\Grains\Grains.csproj", "{FC1C5CBD-C11A-494E-951F-9EBCB6412F22}"
EndProject
Project("{9A19103F-16F7-4668-BE54-9A1E7A4F7556}") = "Silo", "src\Silo\Silo.csproj", "{935EC8B3-DD5B-4FDE-B15E-FBEE61C21F2B}"
	ProjectSection(ProjectDependencies) = postProject
		{70FAF3BC-1067-45D2-983D-51B7A01B3A5C} = {70FAF3BC-1067-45D2-983D-51B7A01B3A5C}
	EndProjectSection
EndProject
Project("{9A19103F-16F7-4668-BE54-9A1E7A4F7556}") = "Client", "src\Client\Client.csproj", "{883FD349-4B96-4B31-A9D0-9B33CA66C448}"
EndProject
Project("{9A19103F-16F7-4668-BE54-9A1E7A4F7556}") = "Grains.Abstractions", "src\Grains.Abstractions\Grains.Abstractions.csproj", "{0743F645-7267-4F91-AAF4-BD983C145FC9}"
EndProject
Project("{00D1A9C2-B5F0-4AF3-8072-F6C62B433612}") = "Database", "src\Database\Database.sqlproj", "{70FAF3BC-1067-45D2-983D-51B7A01B3A5C}"
EndProject
Project("{2150E333-8FDC-42A3-9474-1A3956D46DE8}") = "Tests", "Tests", "{2E268E72-3A6B-4B48-8379-EE89DB97A756}"
EndProject
Project("{2150E333-8FDC-42A3-9474-1A3956D46DE8}") = "Solution Items", "Solution Items", "{B04B17B2-F9BB-420A-9FEC-C74022F23628}"
	ProjectSection(SolutionItems) = preProject
		appveyor.yml = appveyor.yml
		create-coverage-report.cmd = create-coverage-report.cmd
		install-tools.cmd = install-tools.cmd
		publish-to-folder.cmd = publish-to-folder.cmd
		README.md = README.md
		sonarscanner-begin.cmd = sonarscanner-begin.cmd
		sonarscanner-end.cmd = sonarscanner-end.cmd
		upload-coverage-to-coveralls.cmd = upload-coverage-to-coveralls.cmd
	EndProjectSection
EndProject
Project("{FAE04EC0-301F-11D3-BF4B-00C04F79EFBC}") = "Grains.Tests", "test\Grains.Tests\Grains.Tests.csproj", "{28DAA0EC-E004-45D9-AB50-9A4D851D3684}"
EndProject
Project("{FAE04EC0-301F-11D3-BF4B-00C04F79EFBC}") = "Silo.Tests", "test\Silo.Tests\Silo.Tests.csproj", "{EE7DF00D-8031-497A-97F1-146EC339013C}"
EndProject
Global
	GlobalSection(SolutionConfigurationPlatforms) = preSolution
		Debug|Any CPU = Debug|Any CPU
		Release|Any CPU = Release|Any CPU
	EndGlobalSection
	GlobalSection(ProjectConfigurationPlatforms) = postSolution
		{FC1C5CBD-C11A-494E-951F-9EBCB6412F22}.Debug|Any CPU.ActiveCfg = Debug|Any CPU
		{FC1C5CBD-C11A-494E-951F-9EBCB6412F22}.Debug|Any CPU.Build.0 = Debug|Any CPU
		{FC1C5CBD-C11A-494E-951F-9EBCB6412F22}.Release|Any CPU.ActiveCfg = Release|Any CPU
		{FC1C5CBD-C11A-494E-951F-9EBCB6412F22}.Release|Any CPU.Build.0 = Release|Any CPU
		{935EC8B3-DD5B-4FDE-B15E-FBEE61C21F2B}.Debug|Any CPU.ActiveCfg = Debug|Any CPU
		{935EC8B3-DD5B-4FDE-B15E-FBEE61C21F2B}.Debug|Any CPU.Build.0 = Debug|Any CPU
		{935EC8B3-DD5B-4FDE-B15E-FBEE61C21F2B}.Release|Any CPU.ActiveCfg = Release|Any CPU
		{935EC8B3-DD5B-4FDE-B15E-FBEE61C21F2B}.Release|Any CPU.Build.0 = Release|Any CPU
		{883FD349-4B96-4B31-A9D0-9B33CA66C448}.Debug|Any CPU.ActiveCfg = Debug|Any CPU
		{883FD349-4B96-4B31-A9D0-9B33CA66C448}.Debug|Any CPU.Build.0 = Debug|Any CPU
		{883FD349-4B96-4B31-A9D0-9B33CA66C448}.Release|Any CPU.ActiveCfg = Release|Any CPU
		{883FD349-4B96-4B31-A9D0-9B33CA66C448}.Release|Any CPU.Build.0 = Release|Any CPU
		{0743F645-7267-4F91-AAF4-BD983C145FC9}.Debug|Any CPU.ActiveCfg = Debug|Any CPU
		{0743F645-7267-4F91-AAF4-BD983C145FC9}.Debug|Any CPU.Build.0 = Debug|Any CPU
		{0743F645-7267-4F91-AAF4-BD983C145FC9}.Release|Any CPU.ActiveCfg = Release|Any CPU
		{0743F645-7267-4F91-AAF4-BD983C145FC9}.Release|Any CPU.Build.0 = Release|Any CPU
		{70FAF3BC-1067-45D2-983D-51B7A01B3A5C}.Debug|Any CPU.ActiveCfg = Debug|Any CPU
		{70FAF3BC-1067-45D2-983D-51B7A01B3A5C}.Debug|Any CPU.Build.0 = Debug|Any CPU
		{70FAF3BC-1067-45D2-983D-51B7A01B3A5C}.Debug|Any CPU.Deploy.0 = Debug|Any CPU
		{70FAF3BC-1067-45D2-983D-51B7A01B3A5C}.Release|Any CPU.ActiveCfg = Release|Any CPU
		{70FAF3BC-1067-45D2-983D-51B7A01B3A5C}.Release|Any CPU.Build.0 = Release|Any CPU
		{70FAF3BC-1067-45D2-983D-51B7A01B3A5C}.Release|Any CPU.Deploy.0 = Release|Any CPU
		{28DAA0EC-E004-45D9-AB50-9A4D851D3684}.Debug|Any CPU.ActiveCfg = Debug|Any CPU
		{28DAA0EC-E004-45D9-AB50-9A4D851D3684}.Debug|Any CPU.Build.0 = Debug|Any CPU
		{28DAA0EC-E004-45D9-AB50-9A4D851D3684}.Release|Any CPU.ActiveCfg = Release|Any CPU
		{28DAA0EC-E004-45D9-AB50-9A4D851D3684}.Release|Any CPU.Build.0 = Release|Any CPU
		{EE7DF00D-8031-497A-97F1-146EC339013C}.Debug|Any CPU.ActiveCfg = Debug|Any CPU
		{EE7DF00D-8031-497A-97F1-146EC339013C}.Debug|Any CPU.Build.0 = Debug|Any CPU
		{EE7DF00D-8031-497A-97F1-146EC339013C}.Release|Any CPU.ActiveCfg = Release|Any CPU
		{EE7DF00D-8031-497A-97F1-146EC339013C}.Release|Any CPU.Build.0 = Release|Any CPU
	EndGlobalSection
	GlobalSection(SolutionProperties) = preSolution
		HideSolutionNode = FALSE
	EndGlobalSection
	GlobalSection(NestedProjects) = preSolution
		{28DAA0EC-E004-45D9-AB50-9A4D851D3684} = {2E268E72-3A6B-4B48-8379-EE89DB97A756}
		{EE7DF00D-8031-497A-97F1-146EC339013C} = {2E268E72-3A6B-4B48-8379-EE89DB97A756}
	EndGlobalSection
	GlobalSection(ExtensibilityGlobals) = postSolution
		SolutionGuid = {B4B3C08C-9B67-4938-A406-F66FE9CA8DF1}
	EndGlobalSection
EndGlobal
