
Microsoft Visual Studio Solution File, Format Version 12.00
# Visual Studio 15
VisualStudioVersion = 15.0.28307.102
MinimumVisualStudioVersion = 10.0.40219.1
Project("{9A19103F-16F7-4668-BE54-9A1E7A4F7556}") = "Interfaces", "src\Interfaces\Interfaces.csproj", "{2258C03D-3FD6-4E5F-848B-3CBF43DAB95C}"
EndProject
Project("{9A19103F-16F7-4668-BE54-9A1E7A4F7556}") = "Grains", "src\Grains\Grains.csproj", "{FC1C5CBD-C11A-494E-951F-9EBCB6412F22}"
EndProject
Project("{9A19103F-16F7-4668-BE54-9A1E7A4F7556}") = "Silo", "src\Silo\Silo.csproj", "{935EC8B3-DD5B-4FDE-B15E-FBEE61C21F2B}"
EndProject
Project("{9A19103F-16F7-4668-BE54-9A1E7A4F7556}") = "Api", "src\Api\Api.csproj", "{158B3815-A65F-476A-BB2F-EFC3B5824B2E}"
EndProject
Project("{00D1A9C2-B5F0-4AF3-8072-F6C62B433612}") = "Database.Logging", "src\Database.Logging\Database.Logging.sqlproj", "{659E8C8F-DF3B-43BA-81A0-D58E3B6ADAB7}"
EndProject
Project("{00D1A9C2-B5F0-4AF3-8072-F6C62B433612}") = "Database.Orleans", "src\Database.Orleans\Database.Orleans.sqlproj", "{1BFE8E20-A646-4DE8-ADC0-F879924CFE3E}"
EndProject
Global
	GlobalSection(SolutionConfigurationPlatforms) = preSolution
		Debug|Any CPU = Debug|Any CPU
		Release|Any CPU = Release|Any CPU
	EndGlobalSection
	GlobalSection(ProjectConfigurationPlatforms) = postSolution
		{2258C03D-3FD6-4E5F-848B-3CBF43DAB95C}.Debug|Any CPU.ActiveCfg = Debug|Any CPU
		{2258C03D-3FD6-4E5F-848B-3CBF43DAB95C}.Debug|Any CPU.Build.0 = Debug|Any CPU
		{2258C03D-3FD6-4E5F-848B-3CBF43DAB95C}.Release|Any CPU.ActiveCfg = Release|Any CPU
		{2258C03D-3FD6-4E5F-848B-3CBF43DAB95C}.Release|Any CPU.Build.0 = Release|Any CPU
		{FC1C5CBD-C11A-494E-951F-9EBCB6412F22}.Debug|Any CPU.ActiveCfg = Debug|Any CPU
		{FC1C5CBD-C11A-494E-951F-9EBCB6412F22}.Debug|Any CPU.Build.0 = Debug|Any CPU
		{FC1C5CBD-C11A-494E-951F-9EBCB6412F22}.Release|Any CPU.ActiveCfg = Release|Any CPU
		{FC1C5CBD-C11A-494E-951F-9EBCB6412F22}.Release|Any CPU.Build.0 = Release|Any CPU
		{935EC8B3-DD5B-4FDE-B15E-FBEE61C21F2B}.Debug|Any CPU.ActiveCfg = Debug|Any CPU
		{935EC8B3-DD5B-4FDE-B15E-FBEE61C21F2B}.Debug|Any CPU.Build.0 = Debug|Any CPU
		{935EC8B3-DD5B-4FDE-B15E-FBEE61C21F2B}.Release|Any CPU.ActiveCfg = Release|Any CPU
		{935EC8B3-DD5B-4FDE-B15E-FBEE61C21F2B}.Release|Any CPU.Build.0 = Release|Any CPU
		{158B3815-A65F-476A-BB2F-EFC3B5824B2E}.Debug|Any CPU.ActiveCfg = Debug|Any CPU
		{158B3815-A65F-476A-BB2F-EFC3B5824B2E}.Debug|Any CPU.Build.0 = Debug|Any CPU
		{158B3815-A65F-476A-BB2F-EFC3B5824B2E}.Release|Any CPU.ActiveCfg = Release|Any CPU
		{158B3815-A65F-476A-BB2F-EFC3B5824B2E}.Release|Any CPU.Build.0 = Release|Any CPU
		{659E8C8F-DF3B-43BA-81A0-D58E3B6ADAB7}.Debug|Any CPU.ActiveCfg = Debug|Any CPU
		{659E8C8F-DF3B-43BA-81A0-D58E3B6ADAB7}.Debug|Any CPU.Build.0 = Debug|Any CPU
		{659E8C8F-DF3B-43BA-81A0-D58E3B6ADAB7}.Debug|Any CPU.Deploy.0 = Debug|Any CPU
		{659E8C8F-DF3B-43BA-81A0-D58E3B6ADAB7}.Release|Any CPU.ActiveCfg = Release|Any CPU
		{659E8C8F-DF3B-43BA-81A0-D58E3B6ADAB7}.Release|Any CPU.Build.0 = Release|Any CPU
		{659E8C8F-DF3B-43BA-81A0-D58E3B6ADAB7}.Release|Any CPU.Deploy.0 = Release|Any CPU
		{1BFE8E20-A646-4DE8-ADC0-F879924CFE3E}.Debug|Any CPU.ActiveCfg = Debug|Any CPU
		{1BFE8E20-A646-4DE8-ADC0-F879924CFE3E}.Debug|Any CPU.Build.0 = Debug|Any CPU
		{1BFE8E20-A646-4DE8-ADC0-F879924CFE3E}.Debug|Any CPU.Deploy.0 = Debug|Any CPU
		{1BFE8E20-A646-4DE8-ADC0-F879924CFE3E}.Release|Any CPU.ActiveCfg = Release|Any CPU
		{1BFE8E20-A646-4DE8-ADC0-F879924CFE3E}.Release|Any CPU.Build.0 = Release|Any CPU
		{1BFE8E20-A646-4DE8-ADC0-F879924CFE3E}.Release|Any CPU.Deploy.0 = Release|Any CPU
	EndGlobalSection
	GlobalSection(SolutionProperties) = preSolution
		HideSolutionNode = FALSE
	EndGlobalSection
	GlobalSection(ExtensibilityGlobals) = postSolution
		SolutionGuid = {B4B3C08C-9B67-4938-A406-F66FE9CA8DF1}
	EndGlobalSection
EndGlobal
